# This file was autogenerated by Stack.
# You should not edit this file by hand.
# For more information, please see the documentation at:
#   https://docs.haskellstack.org/en/stable/lock_files

packages:
- completed:
    commit: b340c822bc25e75d81114327dd9a9161943d9111
    git: https://github.com/dorchard/type-level-sets.git
    name: type-level-sets
    pantry-tree:
      sha256: 2edb136201ed02bae6d76fd11952b05505c2e0e6ad9ee2d3126de91deac7e77d
      size: 1042
    version: 0.9.0.0
  original:
    commit: b340c822bc25e75d81114327dd9a9161943d9111
    git: https://github.com/dorchard/type-level-sets.git
- completed:
    hackage: first-class-families-0.8.0.1@sha256:d7a60485a2f392818808d4decbc6af7c20281713ec1d81948747f1c9c8c2b145,1518
    pantry-tree:
      sha256: 1a7c7bc6da4fc6e55c004291aca537a59e5c57aeb0280cb55450f4ba593647cb
      size: 1368
  original:
    hackage: first-class-families-0.8.0.1
- completed:
    hackage: monad-var-0.2.2.0@sha256:676a99b61173859c9bba1093f3779832a29f6d3eed9a74dbb0e190f10874717f,2186
    pantry-tree:
      sha256: b8887d397ac332ef7a35e404917724ef985ee1c3699895e1e7717cd94f35019b
      size: 902
  original:
    hackage: monad-var-0.2.2.0
- completed:
    hackage: data-default-0.7.1.1@sha256:2804e8d14f521a1edee88b68b66347448e7f3b685868290fdc55930e4471f5a9,645
    pantry-tree:
      sha256: 1db0dcb6890feff1b87ea180a4c4a0611cda399a700822bd75970a2b7ad02dbc
      size: 212
  original:
    hackage: data-default-0.7.1.1
snapshots:
- completed:
    sha256: 85d2382958c178491d3fe50d770a624621f5ab456beef7d31ac7521f780c9bc7
    size: 640042
    url: https://raw.githubusercontent.com/commercialhaskell/stackage-snapshots/master/lts/21/17.yaml
  original:
    url: https://raw.githubusercontent.com/commercialhaskell/stackage-snapshots/master/lts/21/17.yaml
